// !$*UTF8*$!
{
	archiveVersion = 1;
	classes = {
	};
	objectVersion = 56;
	objects = {

/* Begin PBXBuildFile section */
		6E2CC6D12979C6CB003C3381 /* EventDetailsView.swift in Sources */ = {isa = PBXBuildFile; fileRef = 6E2CC6D02979C6CB003C3381 /* EventDetailsView.swift */; };
		6E2CC6D42979C701003C3381 /* EventIcon.swift in Sources */ = {isa = PBXBuildFile; fileRef = 6E2CC6D32979C701003C3381 /* EventIcon.swift */; };
		6E2CC6D72979D33A003C3381 /* EventCountdown.swift in Sources */ = {isa = PBXBuildFile; fileRef = 6E2CC6D62979D33A003C3381 /* EventCountdown.swift */; };
		6E2CC6D92979D35C003C3381 /* BackgroundContainer.swift in Sources */ = {isa = PBXBuildFile; fileRef = 6E2CC6D82979D35C003C3381 /* BackgroundContainer.swift */; };
		6EC824F02977162700E1A9EC /* DaysLeftApp.swift in Sources */ = {isa = PBXBuildFile; fileRef = 6EC824EF2977162700E1A9EC /* DaysLeftApp.swift */; };
		6EC824F22977162700E1A9EC /* ContentView.swift in Sources */ = {isa = PBXBuildFile; fileRef = 6EC824F12977162700E1A9EC /* ContentView.swift */; };
		6EC824F42977162C00E1A9EC /* Assets.xcassets in Resources */ = {isa = PBXBuildFile; fileRef = 6EC824F32977162C00E1A9EC /* Assets.xcassets */; };
		6EC824F72977162C00E1A9EC /* Preview Assets.xcassets in Resources */ = {isa = PBXBuildFile; fileRef = 6EC824F62977162C00E1A9EC /* Preview Assets.xcassets */; };
		6ED3B5EC297719930030BD71 /* DaysLeft.xcdatamodeld in Sources */ = {isa = PBXBuildFile; fileRef = 6ED3B5EA297719930030BD71 /* DaysLeft.xcdatamodeld */; };
		6ED3B5EF29771A8A0030BD71 /* CoreDataManager.swift in Sources */ = {isa = PBXBuildFile; fileRef = 6ED3B5EE29771A8A0030BD71 /* CoreDataManager.swift */; };
		6ED3B5F329771B4D0030BD71 /* Event+CoreDataClass.swift in Sources */ = {isa = PBXBuildFile; fileRef = 6ED3B5F229771B4D0030BD71 /* Event+CoreDataClass.swift */; };
		6ED3B5F529771E400030BD71 /* EventsListView.swift in Sources */ = {isa = PBXBuildFile; fileRef = 6ED3B5F429771E400030BD71 /* EventsListView.swift */; };
		6ED3B5FA297724480030BD71 /* EventListRow.swift in Sources */ = {isa = PBXBuildFile; fileRef = 6ED3B5F9297724480030BD71 /* EventListRow.swift */; };
		6ED3B5FD29780A3F0030BD71 /* AddEventView.swift in Sources */ = {isa = PBXBuildFile; fileRef = 6ED3B5FC29780A3F0030BD71 /* AddEventView.swift */; };
		6ED3B60029780AD40030BD71 /* EventColor.swift in Sources */ = {isa = PBXBuildFile; fileRef = 6ED3B5FF29780AD40030BD71 /* EventColor.swift */; };
		6ED3B60329780D800030BD71 /* EmojiTextField.swift in Sources */ = {isa = PBXBuildFile; fileRef = 6ED3B60229780D800030BD71 /* EmojiTextField.swift */; };
		6ED3B6052978101E0030BD71 /* EventColorPicker.swift in Sources */ = {isa = PBXBuildFile; fileRef = 6ED3B6042978101E0030BD71 /* EventColorPicker.swift */; };
		6ED3B607297815660030BD71 /* View+Extensions.swift in Sources */ = {isa = PBXBuildFile; fileRef = 6ED3B606297815660030BD71 /* View+Extensions.swift */; };
		6ED3B60929781F770030BD71 /* NotesTextEditor.swift in Sources */ = {isa = PBXBuildFile; fileRef = 6ED3B60829781F770030BD71 /* NotesTextEditor.swift */; };
/* End PBXBuildFile section */

/* Begin PBXFileReference section */
		6E2CC6D02979C6CB003C3381 /* EventDetailsView.swift */ = {isa = PBXFileReference; lastKnownFileType = sourcecode.swift; path = EventDetailsView.swift; sourceTree = "<group>"; };
		6E2CC6D32979C701003C3381 /* EventIcon.swift */ = {isa = PBXFileReference; lastKnownFileType = sourcecode.swift; path = EventIcon.swift; sourceTree = "<group>"; };
		6E2CC6D62979D33A003C3381 /* EventCountdown.swift */ = {isa = PBXFileReference; lastKnownFileType = sourcecode.swift; path = EventCountdown.swift; sourceTree = "<group>"; };
		6E2CC6D82979D35C003C3381 /* BackgroundContainer.swift */ = {isa = PBXFileReference; lastKnownFileType = sourcecode.swift; path = BackgroundContainer.swift; sourceTree = "<group>"; };
		6EC824EC2977162700E1A9EC /* DaysLeft.app */ = {isa = PBXFileReference; explicitFileType = wrapper.application; includeInIndex = 0; path = DaysLeft.app; sourceTree = BUILT_PRODUCTS_DIR; };
		6EC824EF2977162700E1A9EC /* DaysLeftApp.swift */ = {isa = PBXFileReference; lastKnownFileType = sourcecode.swift; path = DaysLeftApp.swift; sourceTree = "<group>"; };
		6EC824F12977162700E1A9EC /* ContentView.swift */ = {isa = PBXFileReference; lastKnownFileType = sourcecode.swift; path = ContentView.swift; sourceTree = "<group>"; };
		6EC824F32977162C00E1A9EC /* Assets.xcassets */ = {isa = PBXFileReference; lastKnownFileType = folder.assetcatalog; path = Assets.xcassets; sourceTree = "<group>"; };
		6EC824F62977162C00E1A9EC /* Preview Assets.xcassets */ = {isa = PBXFileReference; lastKnownFileType = folder.assetcatalog; path = "Preview Assets.xcassets"; sourceTree = "<group>"; };
		6ED3B5E9297716E80030BD71 /* Info.plist */ = {isa = PBXFileReference; lastKnownFileType = text.plist; path = Info.plist; sourceTree = "<group>"; };
		6ED3B5EB297719930030BD71 /* DaysLeft.xcdatamodel */ = {isa = PBXFileReference; lastKnownFileType = wrapper.xcdatamodel; path = DaysLeft.xcdatamodel; sourceTree = "<group>"; };
		6ED3B5EE29771A8A0030BD71 /* CoreDataManager.swift */ = {isa = PBXFileReference; lastKnownFileType = sourcecode.swift; path = CoreDataManager.swift; sourceTree = "<group>"; };
		6ED3B5F229771B4D0030BD71 /* Event+CoreDataClass.swift */ = {isa = PBXFileReference; lastKnownFileType = sourcecode.swift; path = "Event+CoreDataClass.swift"; sourceTree = "<group>"; };
		6ED3B5F429771E400030BD71 /* EventsListView.swift */ = {isa = PBXFileReference; lastKnownFileType = sourcecode.swift; path = EventsListView.swift; sourceTree = "<group>"; };
		6ED3B5F9297724480030BD71 /* EventListRow.swift */ = {isa = PBXFileReference; lastKnownFileType = sourcecode.swift; path = EventListRow.swift; sourceTree = "<group>"; };
		6ED3B5FC29780A3F0030BD71 /* AddEventView.swift */ = {isa = PBXFileReference; lastKnownFileType = sourcecode.swift; path = AddEventView.swift; sourceTree = "<group>"; };
		6ED3B5FF29780AD40030BD71 /* EventColor.swift */ = {isa = PBXFileReference; lastKnownFileType = sourcecode.swift; path = EventColor.swift; sourceTree = "<group>"; };
		6ED3B60229780D800030BD71 /* EmojiTextField.swift */ = {isa = PBXFileReference; lastKnownFileType = sourcecode.swift; path = EmojiTextField.swift; sourceTree = "<group>"; };
		6ED3B6042978101E0030BD71 /* EventColorPicker.swift */ = {isa = PBXFileReference; lastKnownFileType = sourcecode.swift; path = EventColorPicker.swift; sourceTree = "<group>"; };
		6ED3B606297815660030BD71 /* View+Extensions.swift */ = {isa = PBXFileReference; lastKnownFileType = sourcecode.swift; path = "View+Extensions.swift"; sourceTree = "<group>"; };
		6ED3B60829781F770030BD71 /* NotesTextEditor.swift */ = {isa = PBXFileReference; lastKnownFileType = sourcecode.swift; path = NotesTextEditor.swift; sourceTree = "<group>"; };
/* End PBXFileReference section */

/* Begin PBXFrameworksBuildPhase section */
		6EC824E92977162700E1A9EC /* Frameworks */ = {
			isa = PBXFrameworksBuildPhase;
			buildActionMask = 2147483647;
			files = (
			);
			runOnlyForDeploymentPostprocessing = 0;
		};
/* End PBXFrameworksBuildPhase section */

/* Begin PBXGroup section */
		6E2CC6CF2979C6B6003C3381 /* Event Details */ = {
			isa = PBXGroup;
			children = (
				6E2CC6D02979C6CB003C3381 /* EventDetailsView.swift */,
				6E2CC6D52979D324003C3381 /* Components */,
			);
			path = "Event Details";
			sourceTree = "<group>";
		};
		6E2CC6D22979C6F1003C3381 /* Components */ = {
			isa = PBXGroup;
			children = (
				6E2CC6D32979C701003C3381 /* EventIcon.swift */,
			);
			path = Components;
			sourceTree = "<group>";
		};
		6E2CC6D52979D324003C3381 /* Components */ = {
			isa = PBXGroup;
			children = (
				6E2CC6D62979D33A003C3381 /* EventCountdown.swift */,
				6E2CC6D82979D35C003C3381 /* BackgroundContainer.swift */,
			);
			path = Components;
			sourceTree = "<group>";
		};
		6EC824E32977162700E1A9EC = {
			isa = PBXGroup;
			children = (
				6EC824EE2977162700E1A9EC /* DaysLeft */,
				6EC824ED2977162700E1A9EC /* Products */,
			);
			sourceTree = "<group>";
		};
		6EC824ED2977162700E1A9EC /* Products */ = {
			isa = PBXGroup;
			children = (
				6EC824EC2977162700E1A9EC /* DaysLeft.app */,
			);
			name = Products;
			sourceTree = "<group>";
		};
		6EC824EE2977162700E1A9EC /* DaysLeft */ = {
			isa = PBXGroup;
			children = (
				6EC824EF2977162700E1A9EC /* DaysLeftApp.swift */,
				6EC824F12977162700E1A9EC /* ContentView.swift */,
				6ED3B5FE29780AC70030BD71 /* Models */,
				6ED3B5F629771E4A0030BD71 /* Views */,
				6E2CC6D22979C6F1003C3381 /* Components */,
				6ED3B5ED29771A7C0030BD71 /* Managers */,
				6ED3B5F129771B350030BD71 /* Extensions */,
				6ED3B5F029771AAA0030BD71 /* Resources */,
				6ED3B5E9297716E80030BD71 /* Info.plist */,
				6EC824F52977162C00E1A9EC /* Preview Content */,
			);
			path = DaysLeft;
			sourceTree = "<group>";
		};
		6EC824F52977162C00E1A9EC /* Preview Content */ = {
			isa = PBXGroup;
			children = (
				6EC824F62977162C00E1A9EC /* Preview Assets.xcassets */,
			);
			path = "Preview Content";
			sourceTree = "<group>";
		};
		6ED3B5ED29771A7C0030BD71 /* Managers */ = {
			isa = PBXGroup;
			children = (
				6ED3B5EE29771A8A0030BD71 /* CoreDataManager.swift */,
			);
			path = Managers;
			sourceTree = "<group>";
		};
		6ED3B5F029771AAA0030BD71 /* Resources */ = {
			isa = PBXGroup;
			children = (
				6EC824F32977162C00E1A9EC /* Assets.xcassets */,
				6ED3B5EA297719930030BD71 /* DaysLeft.xcdatamodeld */,
			);
			path = Resources;
			sourceTree = "<group>";
		};
		6ED3B5F129771B350030BD71 /* Extensions */ = {
			isa = PBXGroup;
			children = (
				6ED3B5F229771B4D0030BD71 /* Event+CoreDataClass.swift */,
				6ED3B606297815660030BD71 /* View+Extensions.swift */,
			);
			path = Extensions;
			sourceTree = "<group>";
		};
		6ED3B5F629771E4A0030BD71 /* Views */ = {
			isa = PBXGroup;
			children = (
				6ED3B5FB29780A300030BD71 /* Add Event */,
				6ED3B5F7297724100030BD71 /* Events List */,
				6E2CC6CF2979C6B6003C3381 /* Event Details */,
			);
			path = Views;
			sourceTree = "<group>";
		};
		6ED3B5F7297724100030BD71 /* Events List */ = {
			isa = PBXGroup;
			children = (
				6ED3B5F429771E400030BD71 /* EventsListView.swift */,
				6ED3B5F8297724260030BD71 /* Components */,
			);
			path = "Events List";
			sourceTree = "<group>";
		};
		6ED3B5F8297724260030BD71 /* Components */ = {
			isa = PBXGroup;
			children = (
				6ED3B5F9297724480030BD71 /* EventListRow.swift */,
			);
			path = Components;
			sourceTree = "<group>";
		};
		6ED3B5FB29780A300030BD71 /* Add Event */ = {
			isa = PBXGroup;
			children = (
				6ED3B5FC29780A3F0030BD71 /* AddEventView.swift */,
				6ED3B60129780D6F0030BD71 /* Components */,
			);
			path = "Add Event";
			sourceTree = "<group>";
		};
		6ED3B5FE29780AC70030BD71 /* Models */ = {
			isa = PBXGroup;
			children = (
				6ED3B5FF29780AD40030BD71 /* EventColor.swift */,
			);
			path = Models;
			sourceTree = "<group>";
		};
		6ED3B60129780D6F0030BD71 /* Components */ = {
			isa = PBXGroup;
			children = (
				6ED3B60229780D800030BD71 /* EmojiTextField.swift */,
				6ED3B6042978101E0030BD71 /* EventColorPicker.swift */,
				6ED3B60829781F770030BD71 /* NotesTextEditor.swift */,
			);
			path = Components;
			sourceTree = "<group>";
		};
/* End PBXGroup section */

/* Begin PBXNativeTarget section */
		6EC824EB2977162700E1A9EC /* DaysLeft */ = {
			isa = PBXNativeTarget;
			buildConfigurationList = 6EC824FA2977162C00E1A9EC /* Build configuration list for PBXNativeTarget "DaysLeft" */;
			buildPhases = (
				6EC824E82977162700E1A9EC /* Sources */,
				6EC824E92977162700E1A9EC /* Frameworks */,
				6EC824EA2977162700E1A9EC /* Resources */,
			);
			buildRules = (
			);
			dependencies = (
			);
			name = DaysLeft;
			productName = DaysLeft;
			productReference = 6EC824EC2977162700E1A9EC /* DaysLeft.app */;
			productType = "com.apple.product-type.application";
		};
/* End PBXNativeTarget section */

/* Begin PBXProject section */
		6EC824E42977162700E1A9EC /* Project object */ = {
			isa = PBXProject;
			attributes = {
				BuildIndependentTargetsInParallel = 1;
				LastSwiftUpdateCheck = 1420;
				LastUpgradeCheck = 1420;
				TargetAttributes = {
					6EC824EB2977162700E1A9EC = {
						CreatedOnToolsVersion = 14.2;
					};
				};
			};
			buildConfigurationList = 6EC824E72977162700E1A9EC /* Build configuration list for PBXProject "DaysLeft" */;
			compatibilityVersion = "Xcode 14.0";
			developmentRegion = en;
			hasScannedForEncodings = 0;
			knownRegions = (
				en,
				Base,
			);
			mainGroup = 6EC824E32977162700E1A9EC;
			productRefGroup = 6EC824ED2977162700E1A9EC /* Products */;
			projectDirPath = "";
			projectRoot = "";
			targets = (
				6EC824EB2977162700E1A9EC /* DaysLeft */,
			);
		};
/* End PBXProject section */

/* Begin PBXResourcesBuildPhase section */
		6EC824EA2977162700E1A9EC /* Resources */ = {
			isa = PBXResourcesBuildPhase;
			buildActionMask = 2147483647;
			files = (
				6EC824F72977162C00E1A9EC /* Preview Assets.xcassets in Resources */,
				6EC824F42977162C00E1A9EC /* Assets.xcassets in Resources */,
			);
			runOnlyForDeploymentPostprocessing = 0;
		};
/* End PBXResourcesBuildPhase section */

/* Begin PBXSourcesBuildPhase section */
		6EC824E82977162700E1A9EC /* Sources */ = {
			isa = PBXSourcesBuildPhase;
			buildActionMask = 2147483647;
			files = (
				6EC824F22977162700E1A9EC /* ContentView.swift in Sources */,
				6E2CC6D42979C701003C3381 /* EventIcon.swift in Sources */,
				6E2CC6D72979D33A003C3381 /* EventCountdown.swift in Sources */,
				6ED3B5F529771E400030BD71 /* EventsListView.swift in Sources */,
				6ED3B5EC297719930030BD71 /* DaysLeft.xcdatamodeld in Sources */,
				6ED3B5FD29780A3F0030BD71 /* AddEventView.swift in Sources */,
				6ED3B6052978101E0030BD71 /* EventColorPicker.swift in Sources */,
				6ED3B60329780D800030BD71 /* EmojiTextField.swift in Sources */,
				6E2CC6D12979C6CB003C3381 /* EventDetailsView.swift in Sources */,
				6ED3B60029780AD40030BD71 /* EventColor.swift in Sources */,
				6ED3B5F329771B4D0030BD71 /* Event+CoreDataClass.swift in Sources */,
				6ED3B5EF29771A8A0030BD71 /* CoreDataManager.swift in Sources */,
				6ED3B5FA297724480030BD71 /* EventListRow.swift in Sources */,
				6ED3B607297815660030BD71 /* View+Extensions.swift in Sources */,
				6E2CC6D92979D35C003C3381 /* BackgroundContainer.swift in Sources */,
				6ED3B60929781F770030BD71 /* NotesTextEditor.swift in Sources */,
				6EC824F02977162700E1A9EC /* DaysLeftApp.swift in Sources */,
			);
			runOnlyForDeploymentPostprocessing = 0;
		};
/* End PBXSourcesBuildPhase section */

/* Begin XCBuildConfiguration section */
		6EC824F82977162C00E1A9EC /* Debug */ = {
			isa = XCBuildConfiguration;
			buildSettings = {
				ALWAYS_SEARCH_USER_PATHS = NO;
				CLANG_ANALYZER_NONNULL = YES;
				CLANG_ANALYZER_NUMBER_OBJECT_CONVERSION = YES_AGGRESSIVE;
				CLANG_CXX_LANGUAGE_STANDARD = "gnu++20";
				CLANG_ENABLE_MODULES = YES;
				CLANG_ENABLE_OBJC_ARC = YES;
				CLANG_ENABLE_OBJC_WEAK = YES;
				CLANG_WARN_BLOCK_CAPTURE_AUTORELEASING = YES;
				CLANG_WARN_BOOL_CONVERSION = YES;
				CLANG_WARN_COMMA = YES;
				CLANG_WARN_CONSTANT_CONVERSION = YES;
				CLANG_WARN_DEPRECATED_OBJC_IMPLEMENTATIONS = YES;
				CLANG_WARN_DIRECT_OBJC_ISA_USAGE = YES_ERROR;
				CLANG_WARN_DOCUMENTATION_COMMENTS = YES;
				CLANG_WARN_EMPTY_BODY = YES;
				CLANG_WARN_ENUM_CONVERSION = YES;
				CLANG_WARN_INFINITE_RECURSION = YES;
				CLANG_WARN_INT_CONVERSION = YES;
				CLANG_WARN_NON_LITERAL_NULL_CONVERSION = YES;
				CLANG_WARN_OBJC_IMPLICIT_RETAIN_SELF = YES;
				CLANG_WARN_OBJC_LITERAL_CONVERSION = YES;
				CLANG_WARN_OBJC_ROOT_CLASS = YES_ERROR;
				CLANG_WARN_QUOTED_INCLUDE_IN_FRAMEWORK_HEADER = YES;
				CLANG_WARN_RANGE_LOOP_ANALYSIS = YES;
				CLANG_WARN_STRICT_PROTOTYPES = YES;
				CLANG_WARN_SUSPICIOUS_MOVE = YES;
				CLANG_WARN_UNGUARDED_AVAILABILITY = YES_AGGRESSIVE;
				CLANG_WARN_UNREACHABLE_CODE = YES;
				CLANG_WARN__DUPLICATE_METHOD_MATCH = YES;
				COPY_PHASE_STRIP = NO;
				DEBUG_INFORMATION_FORMAT = dwarf;
				ENABLE_STRICT_OBJC_MSGSEND = YES;
				ENABLE_TESTABILITY = YES;
				GCC_C_LANGUAGE_STANDARD = gnu11;
				GCC_DYNAMIC_NO_PIC = NO;
				GCC_NO_COMMON_BLOCKS = YES;
				GCC_OPTIMIZATION_LEVEL = 0;
				GCC_PREPROCESSOR_DEFINITIONS = (
					"DEBUG=1",
					"$(inherited)",
				);
				GCC_WARN_64_TO_32_BIT_CONVERSION = YES;
				GCC_WARN_ABOUT_RETURN_TYPE = YES_ERROR;
				GCC_WARN_UNDECLARED_SELECTOR = YES;
				GCC_WARN_UNINITIALIZED_AUTOS = YES_AGGRESSIVE;
				GCC_WARN_UNUSED_FUNCTION = YES;
				GCC_WARN_UNUSED_VARIABLE = YES;
				IPHONEOS_DEPLOYMENT_TARGET = 16.2;
				MTL_ENABLE_DEBUG_INFO = INCLUDE_SOURCE;
				MTL_FAST_MATH = YES;
				ONLY_ACTIVE_ARCH = YES;
				SDKROOT = iphoneos;
				SWIFT_ACTIVE_COMPILATION_CONDITIONS = DEBUG;
				SWIFT_OPTIMIZATION_LEVEL = "-Onone";
			};
			name = Debug;
		};
		6EC824F92977162C00E1A9EC /* Release */ = {
			isa = XCBuildConfiguration;
			buildSettings = {
				ALWAYS_SEARCH_USER_PATHS = NO;
				CLANG_ANALYZER_NONNULL = YES;
				CLANG_ANALYZER_NUMBER_OBJECT_CONVERSION = YES_AGGRESSIVE;
				CLANG_CXX_LANGUAGE_STANDARD = "gnu++20";
				CLANG_ENABLE_MODULES = YES;
				CLANG_ENABLE_OBJC_ARC = YES;
				CLANG_ENABLE_OBJC_WEAK = YES;
				CLANG_WARN_BLOCK_CAPTURE_AUTORELEASING = YES;
				CLANG_WARN_BOOL_CONVERSION = YES;
				CLANG_WARN_COMMA = YES;
				CLANG_WARN_CONSTANT_CONVERSION = YES;
				CLANG_WARN_DEPRECATED_OBJC_IMPLEMENTATIONS = YES;
				CLANG_WARN_DIRECT_OBJC_ISA_USAGE = YES_ERROR;
				CLANG_WARN_DOCUMENTATION_COMMENTS = YES;
				CLANG_WARN_EMPTY_BODY = YES;
				CLANG_WARN_ENUM_CONVERSION = YES;
				CLANG_WARN_INFINITE_RECURSION = YES;
				CLANG_WARN_INT_CONVERSION = YES;
				CLANG_WARN_NON_LITERAL_NULL_CONVERSION = YES;
				CLANG_WARN_OBJC_IMPLICIT_RETAIN_SELF = YES;
				CLANG_WARN_OBJC_LITERAL_CONVERSION = YES;
				CLANG_WARN_OBJC_ROOT_CLASS = YES_ERROR;
				CLANG_WARN_QUOTED_INCLUDE_IN_FRAMEWORK_HEADER = YES;
				CLANG_WARN_RANGE_LOOP_ANALYSIS = YES;
				CLANG_WARN_STRICT_PROTOTYPES = YES;
				CLANG_WARN_SUSPICIOUS_MOVE = YES;
				CLANG_WARN_UNGUARDED_AVAILABILITY = YES_AGGRESSIVE;
				CLANG_WARN_UNREACHABLE_CODE = YES;
				CLANG_WARN__DUPLICATE_METHOD_MATCH = YES;
				COPY_PHASE_STRIP = NO;
				DEBUG_INFORMATION_FORMAT = "dwarf-with-dsym";
				ENABLE_NS_ASSERTIONS = NO;
				ENABLE_STRICT_OBJC_MSGSEND = YES;
				GCC_C_LANGUAGE_STANDARD = gnu11;
				GCC_NO_COMMON_BLOCKS = YES;
				GCC_WARN_64_TO_32_BIT_CONVERSION = YES;
				GCC_WARN_ABOUT_RETURN_TYPE = YES_ERROR;
				GCC_WARN_UNDECLARED_SELECTOR = YES;
				GCC_WARN_UNINITIALIZED_AUTOS = YES_AGGRESSIVE;
				GCC_WARN_UNUSED_FUNCTION = YES;
				GCC_WARN_UNUSED_VARIABLE = YES;
				IPHONEOS_DEPLOYMENT_TARGET = 16.2;
				MTL_ENABLE_DEBUG_INFO = NO;
				MTL_FAST_MATH = YES;
				SDKROOT = iphoneos;
				SWIFT_COMPILATION_MODE = wholemodule;
				SWIFT_OPTIMIZATION_LEVEL = "-O";
				VALIDATE_PRODUCT = YES;
			};
			name = Release;
		};
		6EC824FB2977162C00E1A9EC /* Debug */ = {
			isa = XCBuildConfiguration;
			buildSettings = {
				ASSETCATALOG_COMPILER_APPICON_NAME = AppIcon;
				ASSETCATALOG_COMPILER_GLOBAL_ACCENT_COLOR_NAME = AccentColor;
				CODE_SIGN_STYLE = Automatic;
				CURRENT_PROJECT_VERSION = 1;
				DEVELOPMENT_ASSET_PATHS = "\"DaysLeft/Preview Content\"";
				DEVELOPMENT_TEAM = K3WRS2Q255;
				ENABLE_PREVIEWS = YES;
				GENERATE_INFOPLIST_FILE = YES;
				INFOPLIST_FILE = DaysLeft/Info.plist;
				INFOPLIST_KEY_LSApplicationCategoryType = "public.app-category.lifestyle";
				INFOPLIST_KEY_UIApplicationSupportsIndirectInputEvents = YES;
				INFOPLIST_KEY_UILaunchScreen_Generation = YES;
				INFOPLIST_KEY_UISupportedInterfaceOrientations = UIInterfaceOrientationPortrait;
				INFOPLIST_KEY_UISupportedInterfaceOrientations_iPad = "UIInterfaceOrientationLandscapeLeft UIInterfaceOrientationLandscapeRight UIInterfaceOrientationPortrait UIInterfaceOrientationPortraitUpsideDown";
				LD_RUNPATH_SEARCH_PATHS = (
					"$(inherited)",
					"@executable_path/Frameworks",
				);
				MARKETING_VERSION = 1.0;
				PRODUCT_BUNDLE_IDENTIFIER = com.bahertamer.DaysLeft;
				PRODUCT_NAME = "$(TARGET_NAME)";
				SUPPORTED_PLATFORMS = "iphoneos iphonesimulator";
				SUPPORTS_MACCATALYST = NO;
				SUPPORTS_MAC_DESIGNED_FOR_IPHONE_IPAD = NO;
				SWIFT_EMIT_LOC_STRINGS = YES;
				SWIFT_VERSION = 5.0;
				TARGETED_DEVICE_FAMILY = 1;
			};
			name = Debug;
		};
		6EC824FC2977162C00E1A9EC /* Release */ = {
			isa = XCBuildConfiguration;
			buildSettings = {
				ASSETCATALOG_COMPILER_APPICON_NAME = AppIcon;
				ASSETCATALOG_COMPILER_GLOBAL_ACCENT_COLOR_NAME = AccentColor;
				CODE_SIGN_STYLE = Automatic;
				CURRENT_PROJECT_VERSION = 1;
				DEVELOPMENT_ASSET_PATHS = "\"DaysLeft/Preview Content\"";
				DEVELOPMENT_TEAM = K3WRS2Q255;
				ENABLE_PREVIEWS = YES;
				GENERATE_INFOPLIST_FILE = YES;
				INFOPLIST_FILE = DaysLeft/Info.plist;
				INFOPLIST_KEY_LSApplicationCategoryType = "public.app-category.lifestyle";
				INFOPLIST_KEY_UIApplicationSupportsIndirectInputEvents = YES;
				INFOPLIST_KEY_UILaunchScreen_Generation = YES;
				INFOPLIST_KEY_UISupportedInterfaceOrientations = UIInterfaceOrientationPortrait;
				INFOPLIST_KEY_UISupportedInterfaceOrientations_iPad = "UIInterfaceOrientationLandscapeLeft UIInterfaceOrientationLandscapeRight UIInterfaceOrientationPortrait UIInterfaceOrientationPortraitUpsideDown";
				LD_RUNPATH_SEARCH_PATHS = (
					"$(inherited)",
					"@executable_path/Frameworks",
				);
				MARKETING_VERSION = 1.0;
				PRODUCT_BUNDLE_IDENTIFIER = com.bahertamer.DaysLeft;
				PRODUCT_NAME = "$(TARGET_NAME)";
				SUPPORTED_PLATFORMS = "iphoneos iphonesimulator";
				SUPPORTS_MACCATALYST = NO;
				SUPPORTS_MAC_DESIGNED_FOR_IPHONE_IPAD = NO;
				SWIFT_EMIT_LOC_STRINGS = YES;
				SWIFT_VERSION = 5.0;
				TARGETED_DEVICE_FAMILY = 1;
			};
			name = Release;
		};
/* End XCBuildConfiguration section */

/* Begin XCConfigurationList section */
		6EC824E72977162700E1A9EC /* Build configuration list for PBXProject "DaysLeft" */ = {
			isa = XCConfigurationList;
			buildConfigurations = (
				6EC824F82977162C00E1A9EC /* Debug */,
				6EC824F92977162C00E1A9EC /* Release */,
			);
			defaultConfigurationIsVisible = 0;
			defaultConfigurationName = Release;
		};
		6EC824FA2977162C00E1A9EC /* Build configuration list for PBXNativeTarget "DaysLeft" */ = {
			isa = XCConfigurationList;
			buildConfigurations = (
				6EC824FB2977162C00E1A9EC /* Debug */,
				6EC824FC2977162C00E1A9EC /* Release */,
			);
			defaultConfigurationIsVisible = 0;
			defaultConfigurationName = Release;
		};
/* End XCConfigurationList section */

/* Begin XCVersionGroup section */
		6ED3B5EA297719930030BD71 /* DaysLeft.xcdatamodeld */ = {
			isa = XCVersionGroup;
			children = (
				6ED3B5EB297719930030BD71 /* DaysLeft.xcdatamodel */,
			);
			currentVersion = 6ED3B5EB297719930030BD71 /* DaysLeft.xcdatamodel */;
			path = DaysLeft.xcdatamodeld;
			sourceTree = "<group>";
			versionGroupType = wrapper.xcdatamodel;
		};
/* End XCVersionGroup section */
	};
	rootObject = 6EC824E42977162700E1A9EC /* Project object */;
}
